
Microsoft Visual Studio Solution File, Format Version 12.00
# Visual Studio Version 17
VisualStudioVersion = 17.7.33927.210
MinimumVisualStudioVersion = 10.0.40219.1
Project("{8BC9CEB8-8B4A-11D0-8D11-00A0C91BC942}") = "Snake", "Snake\Snake.vcxproj", "{E2742F87-8B1B-4C49-9ED1-312B01F5CD26}"
EndProject
Global
	GlobalSection(SolutionConfigurationPlatforms) = preSolution
		Debug|x64 = Debug|x64
		Debug|x86 = Debug|x86
		Release|x64 = Release|x64
		Release|x86 = Release|x86
	EndGlobalSection
	GlobalSection(ProjectConfigurationPlatforms) = postSolution
		{E2742F87-8B1B-4C49-9ED1-312B01F5CD26}.Debug|x64.ActiveCfg = Debug|x64
		{E2742F87-8B1B-4C49-9ED1-312B01F5CD26}.Debug|x64.Build.0 = Debug|x64
		{E2742F87-8B1B-4C49-9ED1-312B01F5CD26}.Debug|x86.ActiveCfg = Debug|Win32
		{E2742F87-8B1B-4C49-9ED1-312B01F5CD26}.Debug|x86.Build.0 = Debug|Win32
		{E2742F87-8B1B-4C49-9ED1-312B01F5CD26}.Release|x64.ActiveCfg = Release|x64
		{E2742F87-8B1B-4C49-9ED1-312B01F5CD26}.Release|x64.Build.0 = Release|x64
		{E2742F87-8B1B-4C49-9ED1-312B01F5CD26}.Release|x86.ActiveCfg = Release|Win32
		{E2742F87-8B1B-4C49-9ED1-312B01F5CD26}.Release|x86.Build.0 = Release|Win32
	EndGlobalSection
	GlobalSection(SolutionProperties) = preSolution
		HideSolutionNode = FALSE
	EndGlobalSection
	GlobalSection(ExtensibilityGlobals) = postSolution
		SolutionGuid = {31B628B1-2166-4C5E-A82E-E80AB039924E}
	EndGlobalSection
EndGlobal
